
Microsoft Visual Studio Solution File, Format Version 12.00
# Visual Studio Version 16
VisualStudioVersion = 16.0.30523.141
MinimumVisualStudioVersion = 10.0.40219.1
Project("{FAE04EC0-301F-11D3-BF4B-00C04F79EFBC}") = "ELKClient", "ELKClient\ELKClient.csproj", "{B888FDFF-7E79-4C80-8355-F795BF0A2799}"
EndProject
Global
	GlobalSection(SolutionConfigurationPlatforms) = preSolution
		Debug|Any CPU = Debug|Any CPU
		Release|Any CPU = Release|Any CPU
	EndGlobalSection
	GlobalSection(ProjectConfigurationPlatforms) = postSolution
		{B888FDFF-7E79-4C80-8355-F795BF0A2799}.Debug|Any CPU.ActiveCfg = Debug|Any CPU
		{B888FDFF-7E79-4C80-8355-F795BF0A2799}.Debug|Any CPU.Build.0 = Debug|Any CPU
		{B888FDFF-7E79-4C80-8355-F795BF0A2799}.Release|Any CPU.ActiveCfg = Release|Any CPU
		{B888FDFF-7E79-4C80-8355-F795BF0A2799}.Release|Any CPU.Build.0 = Release|Any CPU
	EndGlobalSection
	GlobalSection(SolutionProperties) = preSolution
		HideSolutionNode = FALSE
	EndGlobalSection
	GlobalSection(ExtensibilityGlobals) = postSolution
		SolutionGuid = {2A85269C-A70B-4B09-8B0A-720FB914C037}
	EndGlobalSection
EndGlobal
